// !$*UTF8*$!
{
	archiveVersion = 1;
	classes = {
	};
	objectVersion = 46;
	objects = {

/* Begin PBXBuildFile section */
		8D0A039B1C9DAF88003334AA /* AppDelegate.swift in Sources */ = {isa = PBXBuildFile; fileRef = 8D0A039A1C9DAF88003334AA /* AppDelegate.swift */; };
		8D0A039D1C9DAF88003334AA /* ViewController.swift in Sources */ = {isa = PBXBuildFile; fileRef = 8D0A039C1C9DAF88003334AA /* ViewController.swift */; };
		8D0A03A01C9DAF88003334AA /* Main.storyboard in Resources */ = {isa = PBXBuildFile; fileRef = 8D0A039E1C9DAF88003334AA /* Main.storyboard */; };
		8D0A03A21C9DAF88003334AA /* Assets.xcassets in Resources */ = {isa = PBXBuildFile; fileRef = 8D0A03A11C9DAF88003334AA /* Assets.xcassets */; };
		8D0A03A51C9DAF88003334AA /* LaunchScreen.storyboard in Resources */ = {isa = PBXBuildFile; fileRef = 8D0A03A31C9DAF88003334AA /* LaunchScreen.storyboard */; };
		8D0A03B01C9DAF88003334AA /* LeftMenu_SliderTabsTests.swift in Sources */ = {isa = PBXBuildFile; fileRef = 8D0A03AF1C9DAF88003334AA /* LeftMenu_SliderTabsTests.swift */; };
		8D0A03BB1C9DAF88003334AA /* LeftMenu_SliderTabsUITests.swift in Sources */ = {isa = PBXBuildFile; fileRef = 8D0A03BA1C9DAF88003334AA /* LeftMenu_SliderTabsUITests.swift */; };
/* End PBXBuildFile section */

/* Begin PBXContainerItemProxy section */
		8D0A03AC1C9DAF88003334AA /* PBXContainerItemProxy */ = {
			isa = PBXContainerItemProxy;
			containerPortal = 8D0A038F1C9DAF88003334AA /* Project object */;
			proxyType = 1;
			remoteGlobalIDString = 8D0A03961C9DAF88003334AA;
			remoteInfo = LeftMenu_SliderTabs;
		};
		8D0A03B71C9DAF88003334AA /* PBXContainerItemProxy */ = {
			isa = PBXContainerItemProxy;
			containerPortal = 8D0A038F1C9DAF88003334AA /* Project object */;
			proxyType = 1;
			remoteGlobalIDString = 8D0A03961C9DAF88003334AA;
			remoteInfo = LeftMenu_SliderTabs;
		};
/* End PBXContainerItemProxy section */

/* Begin PBXFileReference section */
		8D0A03971C9DAF88003334AA /* LeftMenu_SliderTabs.app */ = {isa = PBXFileReference; explicitFileType = wrapper.application; includeInIndex = 0; path = LeftMenu_SliderTabs.app; sourceTree = BUILT_PRODUCTS_DIR; };
		8D0A039A1C9DAF88003334AA /* AppDelegate.swift */ = {isa = PBXFileReference; lastKnownFileType = sourcecode.swift; path = AppDelegate.swift; sourceTree = "<group>"; };
		8D0A039C1C9DAF88003334AA /* ViewController.swift */ = {isa = PBXFileReference; lastKnownFileType = sourcecode.swift; path = ViewController.swift; sourceTree = "<group>"; };
		8D0A039F1C9DAF88003334AA /* Base */ = {isa = PBXFileReference; lastKnownFileType = file.storyboard; name = Base; path = Base.lproj/Main.storyboard; sourceTree = "<group>"; };
		8D0A03A11C9DAF88003334AA /* Assets.xcassets */ = {isa = PBXFileReference; lastKnownFileType = folder.assetcatalog; path = Assets.xcassets; sourceTree = "<group>"; };
		8D0A03A41C9DAF88003334AA /* Base */ = {isa = PBXFileReference; lastKnownFileType = file.storyboard; name = Base; path = Base.lproj/LaunchScreen.storyboard; sourceTree = "<group>"; };
		8D0A03A61C9DAF88003334AA /* Info.plist */ = {isa = PBXFileReference; lastKnownFileType = text.plist.xml; path = Info.plist; sourceTree = "<group>"; };
		8D0A03AB1C9DAF88003334AA /* LeftMenu_SliderTabsTests.xctest */ = {isa = PBXFileReference; explicitFileType = wrapper.cfbundle; includeInIndex = 0; path = LeftMenu_SliderTabsTests.xctest; sourceTree = BUILT_PRODUCTS_DIR; };
		8D0A03AF1C9DAF88003334AA /* LeftMenu_SliderTabsTests.swift */ = {isa = PBXFileReference; lastKnownFileType = sourcecode.swift; path = LeftMenu_SliderTabsTests.swift; sourceTree = "<group>"; };
		8D0A03B11C9DAF88003334AA /* Info.plist */ = {isa = PBXFileReference; lastKnownFileType = text.plist.xml; path = Info.plist; sourceTree = "<group>"; };
		8D0A03B61C9DAF88003334AA /* LeftMenu_SliderTabsUITests.xctest */ = {isa = PBXFileReference; explicitFileType = wrapper.cfbundle; includeInIndex = 0; path = LeftMenu_SliderTabsUITests.xctest; sourceTree = BUILT_PRODUCTS_DIR; };
		8D0A03BA1C9DAF88003334AA /* LeftMenu_SliderTabsUITests.swift */ = {isa = PBXFileReference; lastKnownFileType = sourcecode.swift; path = LeftMenu_SliderTabsUITests.swift; sourceTree = "<group>"; };
		8D0A03BC1C9DAF88003334AA /* Info.plist */ = {isa = PBXFileReference; lastKnownFileType = text.plist.xml; path = Info.plist; sourceTree = "<group>"; };
/* End PBXFileReference section */

/* Begin PBXFrameworksBuildPhase section */
		8D0A03941C9DAF88003334AA /* Frameworks */ = {
			isa = PBXFrameworksBuildPhase;
			buildActionMask = 2147483647;
			files = (
			);
			runOnlyForDeploymentPostprocessing = 0;
		};
		8D0A03A81C9DAF88003334AA /* Frameworks */ = {
			isa = PBXFrameworksBuildPhase;
			buildActionMask = 2147483647;
			files = (
			);
			runOnlyForDeploymentPostprocessing = 0;
		};
		8D0A03B31C9DAF88003334AA /* Frameworks */ = {
			isa = PBXFrameworksBuildPhase;
			buildActionMask = 2147483647;
			files = (
			);
			runOnlyForDeploymentPostprocessing = 0;
		};
/* End PBXFrameworksBuildPhase section */

/* Begin PBXGroup section */
		8D0A038E1C9DAF88003334AA = {
			isa = PBXGroup;
			children = (
				8D0A03991C9DAF88003334AA /* LeftMenu_SliderTabs */,
				8D0A03AE1C9DAF88003334AA /* LeftMenu_SliderTabsTests */,
				8D0A03B91C9DAF88003334AA /* LeftMenu_SliderTabsUITests */,
				8D0A03981C9DAF88003334AA /* Products */,
			);
			sourceTree = "<group>";
		};
		8D0A03981C9DAF88003334AA /* Products */ = {
			isa = PBXGroup;
			children = (
				8D0A03971C9DAF88003334AA /* LeftMenu_SliderTabs.app */,
				8D0A03AB1C9DAF88003334AA /* LeftMenu_SliderTabsTests.xctest */,
				8D0A03B61C9DAF88003334AA /* LeftMenu_SliderTabsUITests.xctest */,
			);
			name = Products;
			sourceTree = "<group>";
		};
		8D0A03991C9DAF88003334AA /* LeftMenu_SliderTabs */ = {
			isa = PBXGroup;
			children = (
				8D0A039A1C9DAF88003334AA /* AppDelegate.swift */,
				8D0A039C1C9DAF88003334AA /* ViewController.swift */,
				8D0A039E1C9DAF88003334AA /* Main.storyboard */,
				8D0A03A11C9DAF88003334AA /* Assets.xcassets */,
				8D0A03A31C9DAF88003334AA /* LaunchScreen.storyboard */,
				8D0A03A61C9DAF88003334AA /* Info.plist */,
			);
			path = LeftMenu_SliderTabs;
			sourceTree = "<group>";
		};
		8D0A03AE1C9DAF88003334AA /* LeftMenu_SliderTabsTests */ = {
			isa = PBXGroup;
			children = (
				8D0A03AF1C9DAF88003334AA /* LeftMenu_SliderTabsTests.swift */,
				8D0A03B11C9DAF88003334AA /* Info.plist */,
			);
			path = LeftMenu_SliderTabsTests;
			sourceTree = "<group>";
		};
		8D0A03B91C9DAF88003334AA /* LeftMenu_SliderTabsUITests */ = {
			isa = PBXGroup;
			children = (
				8D0A03BA1C9DAF88003334AA /* LeftMenu_SliderTabsUITests.swift */,
				8D0A03BC1C9DAF88003334AA /* Info.plist */,
			);
			path = LeftMenu_SliderTabsUITests;
			sourceTree = "<group>";
		};
/* End PBXGroup section */

/* Begin PBXNativeTarget section */
		8D0A03961C9DAF88003334AA /* LeftMenu_SliderTabs */ = {
			isa = PBXNativeTarget;
			buildConfigurationList = 8D0A03BF1C9DAF88003334AA /* Build configuration list for PBXNativeTarget "LeftMenu_SliderTabs" */;
			buildPhases = (
				8D0A03931C9DAF88003334AA /* Sources */,
				8D0A03941C9DAF88003334AA /* Frameworks */,
				8D0A03951C9DAF88003334AA /* Resources */,
			);
			buildRules = (
			);
			dependencies = (
			);
			name = LeftMenu_SliderTabs;
			productName = LeftMenu_SliderTabs;
			productReference = 8D0A03971C9DAF88003334AA /* LeftMenu_SliderTabs.app */;
			productType = "com.apple.product-type.application";
		};
		8D0A03AA1C9DAF88003334AA /* LeftMenu_SliderTabsTests */ = {
			isa = PBXNativeTarget;
			buildConfigurationList = 8D0A03C21C9DAF88003334AA /* Build configuration list for PBXNativeTarget "LeftMenu_SliderTabsTests" */;
			buildPhases = (
				8D0A03A71C9DAF88003334AA /* Sources */,
				8D0A03A81C9DAF88003334AA /* Frameworks */,
				8D0A03A91C9DAF88003334AA /* Resources */,
			);
			buildRules = (
			);
			dependencies = (
				8D0A03AD1C9DAF88003334AA /* PBXTargetDependency */,
			);
			name = LeftMenu_SliderTabsTests;
			productName = LeftMenu_SliderTabsTests;
			productReference = 8D0A03AB1C9DAF88003334AA /* LeftMenu_SliderTabsTests.xctest */;
			productType = "com.apple.product-type.bundle.unit-test";
		};
		8D0A03B51C9DAF88003334AA /* LeftMenu_SliderTabsUITests */ = {
			isa = PBXNativeTarget;
			buildConfigurationList = 8D0A03C51C9DAF88003334AA /* Build configuration list for PBXNativeTarget "LeftMenu_SliderTabsUITests" */;
			buildPhases = (
				8D0A03B21C9DAF88003334AA /* Sources */,
				8D0A03B31C9DAF88003334AA /* Frameworks */,
				8D0A03B41C9DAF88003334AA /* Resources */,
			);
			buildRules = (
			);
			dependencies = (
				8D0A03B81C9DAF88003334AA /* PBXTargetDependency */,
			);
			name = LeftMenu_SliderTabsUITests;
			productName = LeftMenu_SliderTabsUITests;
			productReference = 8D0A03B61C9DAF88003334AA /* LeftMenu_SliderTabsUITests.xctest */;
			productType = "com.apple.product-type.bundle.ui-testing";
		};
/* End PBXNativeTarget section */

/* Begin PBXProject section */
		8D0A038F1C9DAF88003334AA /* Project object */ = {
			isa = PBXProject;
			attributes = {
				LastSwiftUpdateCheck = 0720;
				LastUpgradeCheck = 0720;
				ORGANIZATIONNAME = Ernesto;
				TargetAttributes = {
					8D0A03961C9DAF88003334AA = {
						CreatedOnToolsVersion = 7.2.1;
					};
					8D0A03AA1C9DAF88003334AA = {
						CreatedOnToolsVersion = 7.2.1;
						TestTargetID = 8D0A03961C9DAF88003334AA;
					};
					8D0A03B51C9DAF88003334AA = {
						CreatedOnToolsVersion = 7.2.1;
						TestTargetID = 8D0A03961C9DAF88003334AA;
					};
				};
			};
			buildConfigurationList = 8D0A03921C9DAF88003334AA /* Build configuration list for PBXProject "LeftMenu_SliderTabs" */;
			compatibilityVersion = "Xcode 3.2";
			developmentRegion = English;
			hasScannedForEncodings = 0;
			knownRegions = (
				en,
				Base,
			);
			mainGroup = 8D0A038E1C9DAF88003334AA;
			productRefGroup = 8D0A03981C9DAF88003334AA /* Products */;
			projectDirPath = "";
			projectRoot = "";
			targets = (
				8D0A03961C9DAF88003334AA /* LeftMenu_SliderTabs */,
				8D0A03AA1C9DAF88003334AA /* LeftMenu_SliderTabsTests */,
				8D0A03B51C9DAF88003334AA /* LeftMenu_SliderTabsUITests */,
			);
		};
/* End PBXProject section */

/* Begin PBXResourcesBuildPhase section */
		8D0A03951C9DAF88003334AA /* Resources */ = {
			isa = PBXResourcesBuildPhase;
			buildActionMask = 2147483647;
			files = (
				8D0A03A51C9DAF88003334AA /* LaunchScreen.storyboard in Resources */,
				8D0A03A21C9DAF88003334AA /* Assets.xcassets in Resources */,
				8D0A03A01C9DAF88003334AA /* Main.storyboard in Resources */,
			);
			runOnlyForDeploymentPostprocessing = 0;
		};
		8D0A03A91C9DAF88003334AA /* Resources */ = {
			isa = PBXResourcesBuildPhase;
			buildActionMask = 2147483647;
			files = (
			);
			runOnlyForDeploymentPostprocessing = 0;
		};
		8D0A03B41C9DAF88003334AA /* Resources */ = {
			isa = PBXResourcesBuildPhase;
			buildActionMask = 2147483647;
			files = (
			);
			runOnlyForDeploymentPostprocessing = 0;
		};
/* End PBXResourcesBuildPhase section */

/* Begin PBXSourcesBuildPhase section */
		8D0A03931C9DAF88003334AA /* Sources */ = {
			isa = PBXSourcesBuildPhase;
			buildActionMask = 2147483647;
			files = (
				8D0A039D1C9DAF88003334AA /* ViewController.swift in Sources */,
				8D0A039B1C9DAF88003334AA /* AppDelegate.swift in Sources */,
			);
			runOnlyForDeploymentPostprocessing = 0;
		};
		8D0A03A71C9DAF88003334AA /* Sources */ = {
			isa = PBXSourcesBuildPhase;
			buildActionMask = 2147483647;
			files = (
				8D0A03B01C9DAF88003334AA /* LeftMenu_SliderTabsTests.swift in Sources */,
			);
			runOnlyForDeploymentPostprocessing = 0;
		};
		8D0A03B21C9DAF88003334AA /* Sources */ = {
			isa = PBXSourcesBuildPhase;
			buildActionMask = 2147483647;
			files = (
				8D0A03BB1C9DAF88003334AA /* LeftMenu_SliderTabsUITests.swift in Sources */,
			);
			runOnlyForDeploymentPostprocessing = 0;
		};
/* End PBXSourcesBuildPhase section */

/* Begin PBXTargetDependency section */
		8D0A03AD1C9DAF88003334AA /* PBXTargetDependency */ = {
			isa = PBXTargetDependency;
			target = 8D0A03961C9DAF88003334AA /* LeftMenu_SliderTabs */;
			targetProxy = 8D0A03AC1C9DAF88003334AA /* PBXContainerItemProxy */;
		};
		8D0A03B81C9DAF88003334AA /* PBXTargetDependency */ = {
			isa = PBXTargetDependency;
			target = 8D0A03961C9DAF88003334AA /* LeftMenu_SliderTabs */;
			targetProxy = 8D0A03B71C9DAF88003334AA /* PBXContainerItemProxy */;
		};
/* End PBXTargetDependency section */

/* Begin PBXVariantGroup section */
		8D0A039E1C9DAF88003334AA /* Main.storyboard */ = {
			isa = PBXVariantGroup;
			children = (
				8D0A039F1C9DAF88003334AA /* Base */,
			);
			name = Main.storyboard;
			sourceTree = "<group>";
		};
		8D0A03A31C9DAF88003334AA /* LaunchScreen.storyboard */ = {
			isa = PBXVariantGroup;
			children = (
				8D0A03A41C9DAF88003334AA /* Base */,
			);
			name = LaunchScreen.storyboard;
			sourceTree = "<group>";
		};
/* End PBXVariantGroup section */

/* Begin XCBuildConfiguration section */
		8D0A03BD1C9DAF88003334AA /* Debug */ = {
			isa = XCBuildConfiguration;
			buildSettings = {
				ALWAYS_SEARCH_USER_PATHS = NO;
				CLANG_CXX_LANGUAGE_STANDARD = "gnu++0x";
				CLANG_CXX_LIBRARY = "libc++";
				CLANG_ENABLE_MODULES = YES;
				CLANG_ENABLE_OBJC_ARC = YES;
				CLANG_WARN_BOOL_CONVERSION = YES;
				CLANG_WARN_CONSTANT_CONVERSION = YES;
				CLANG_WARN_DIRECT_OBJC_ISA_USAGE = YES_ERROR;
				CLANG_WARN_EMPTY_BODY = YES;
				CLANG_WARN_ENUM_CONVERSION = YES;
				CLANG_WARN_INT_CONVERSION = YES;
				CLANG_WARN_OBJC_ROOT_CLASS = YES_ERROR;
				CLANG_WARN_UNREACHABLE_CODE = YES;
				CLANG_WARN__DUPLICATE_METHOD_MATCH = YES;
				"CODE_SIGN_IDENTITY[sdk=iphoneos*]" = "iPhone Developer";
				COPY_PHASE_STRIP = NO;
				DEBUG_INFORMATION_FORMAT = dwarf;
				ENABLE_STRICT_OBJC_MSGSEND = YES;
				ENABLE_TESTABILITY = YES;
				GCC_C_LANGUAGE_STANDARD = gnu99;
				GCC_DYNAMIC_NO_PIC = NO;
				GCC_NO_COMMON_BLOCKS = YES;
				GCC_OPTIMIZATION_LEVEL = 0;
				GCC_PREPROCESSOR_DEFINITIONS = (
					"DEBUG=1",
					"$(inherited)",
				);
				GCC_WARN_64_TO_32_BIT_CONVERSION = YES;
				GCC_WARN_ABOUT_RETURN_TYPE = YES_ERROR;
				GCC_WARN_UNDECLARED_SELECTOR = YES;
				GCC_WARN_UNINITIALIZED_AUTOS = YES_AGGRESSIVE;
				GCC_WARN_UNUSED_FUNCTION = YES;
				GCC_WARN_UNUSED_VARIABLE = YES;
				IPHONEOS_DEPLOYMENT_TARGET = 9.2;
				MTL_ENABLE_DEBUG_INFO = YES;
				ONLY_ACTIVE_ARCH = YES;
				SDKROOT = iphoneos;
				SWIFT_OPTIMIZATION_LEVEL = "-Onone";
			};
			name = Debug;
		};
		8D0A03BE1C9DAF88003334AA /* Release */ = {
			isa = XCBuildConfiguration;
			buildSettings = {
				ALWAYS_SEARCH_USER_PATHS = NO;
				CLANG_CXX_LANGUAGE_STANDARD = "gnu++0x";
				CLANG_CXX_LIBRARY = "libc++";
				CLANG_ENABLE_MODULES = YES;
				CLANG_ENABLE_OBJC_ARC = YES;
				CLANG_WARN_BOOL_CONVERSION = YES;
				CLANG_WARN_CONSTANT_CONVERSION = YES;
				CLANG_WARN_DIRECT_OBJC_ISA_USAGE = YES_ERROR;
				CLANG_WARN_EMPTY_BODY = YES;
				CLANG_WARN_ENUM_CONVERSION = YES;
				CLANG_WARN_INT_CONVERSION = YES;
				CLANG_WARN_OBJC_ROOT_CLASS = YES_ERROR;
				CLANG_WARN_UNREACHABLE_CODE = YES;
				CLANG_WARN__DUPLICATE_METHOD_MATCH = YES;
				"CODE_SIGN_IDENTITY[sdk=iphoneos*]" = "iPhone Developer";
				COPY_PHASE_STRIP = NO;
				DEBUG_INFORMATION_FORMAT = "dwarf-with-dsym";
				ENABLE_NS_ASSERTIONS = NO;
				ENABLE_STRICT_OBJC_MSGSEND = YES;
				GCC_C_LANGUAGE_STANDARD = gnu99;
				GCC_NO_COMMON_BLOCKS = YES;
				GCC_WARN_64_TO_32_BIT_CONVERSION = YES;
				GCC_WARN_ABOUT_RETURN_TYPE = YES_ERROR;
				GCC_WARN_UNDECLARED_SELECTOR = YES;
				GCC_WARN_UNINITIALIZED_AUTOS = YES_AGGRESSIVE;
				GCC_WARN_UNUSED_FUNCTION = YES;
				GCC_WARN_UNUSED_VARIABLE = YES;
				IPHONEOS_DEPLOYMENT_TARGET = 9.2;
				MTL_ENABLE_DEBUG_INFO = NO;
				SDKROOT = iphoneos;
				VALIDATE_PRODUCT = YES;
			};
			name = Release;
		};
		8D0A03C01C9DAF88003334AA /* Debug */ = {
			isa = XCBuildConfiguration;
			buildSettings = {
				ASSETCATALOG_COMPILER_APPICON_NAME = AppIcon;
				INFOPLIST_FILE = LeftMenu_SliderTabs/Info.plist;
				LD_RUNPATH_SEARCH_PATHS = "$(inherited) @executable_path/Frameworks";
				PRODUCT_BUNDLE_IDENTIFIER = "Ernesto.LeftMenu-SliderTabs";
				PRODUCT_NAME = "$(TARGET_NAME)";
			};
			name = Debug;
		};
		8D0A03C11C9DAF88003334AA /* Release */ = {
			isa = XCBuildConfiguration;
			buildSettings = {
				ASSETCATALOG_COMPILER_APPICON_NAME = AppIcon;
				INFOPLIST_FILE = LeftMenu_SliderTabs/Info.plist;
				LD_RUNPATH_SEARCH_PATHS = "$(inherited) @executable_path/Frameworks";
				PRODUCT_BUNDLE_IDENTIFIER = "Ernesto.LeftMenu-SliderTabs";
				PRODUCT_NAME = "$(TARGET_NAME)";
			};
			name = Release;
		};
		8D0A03C31C9DAF88003334AA /* Debug */ = {
			isa = XCBuildConfiguration;
			buildSettings = {
				BUNDLE_LOADER = "$(TEST_HOST)";
				INFOPLIST_FILE = LeftMenu_SliderTabsTests/Info.plist;
				LD_RUNPATH_SEARCH_PATHS = "$(inherited) @executable_path/Frameworks @loader_path/Frameworks";
				PRODUCT_BUNDLE_IDENTIFIER = "Ernesto.LeftMenu-SliderTabsTests";
				PRODUCT_NAME = "$(TARGET_NAME)";
				TEST_HOST = "$(BUILT_PRODUCTS_DIR)/LeftMenu_SliderTabs.app/LeftMenu_SliderTabs";
			};
			name = Debug;
		};
		8D0A03C41C9DAF88003334AA /* Release */ = {
			isa = XCBuildConfiguration;
			buildSettings = {
				BUNDLE_LOADER = "$(TEST_HOST)";
				INFOPLIST_FILE = LeftMenu_SliderTabsTests/Info.plist;
				LD_RUNPATH_SEARCH_PATHS = "$(inherited) @executable_path/Frameworks @loader_path/Frameworks";
				PRODUCT_BUNDLE_IDENTIFIER = "Ernesto.LeftMenu-SliderTabsTests";
				PRODUCT_NAME = "$(TARGET_NAME)";
				TEST_HOST = "$(BUILT_PRODUCTS_DIR)/LeftMenu_SliderTabs.app/LeftMenu_SliderTabs";
			};
			name = Release;
		};
		8D0A03C61C9DAF88003334AA /* Debug */ = {
			isa = XCBuildConfiguration;
			buildSettings = {
				INFOPLIST_FILE = LeftMenu_SliderTabsUITests/Info.plist;
				LD_RUNPATH_SEARCH_PATHS = "$(inherited) @executable_path/Frameworks @loader_path/Frameworks";
				PRODUCT_BUNDLE_IDENTIFIER = "Ernesto.LeftMenu-SliderTabsUITests";
				PRODUCT_NAME = "$(TARGET_NAME)";
				TEST_TARGET_NAME = LeftMenu_SliderTabs;
				USES_XCTRUNNER = YES;
			};
			name = Debug;
		};
		8D0A03C71C9DAF88003334AA /* Release */ = {
			isa = XCBuildConfiguration;
			buildSettings = {
				INFOPLIST_FILE = LeftMenu_SliderTabsUITests/Info.plist;
				LD_RUNPATH_SEARCH_PATHS = "$(inherited) @executable_path/Frameworks @loader_path/Frameworks";
				PRODUCT_BUNDLE_IDENTIFIER = "Ernesto.LeftMenu-SliderTabsUITests";
				PRODUCT_NAME = "$(TARGET_NAME)";
				TEST_TARGET_NAME = LeftMenu_SliderTabs;
				USES_XCTRUNNER = YES;
			};
			name = Release;
		};
/* End XCBuildConfiguration section */

/* Begin XCConfigurationList section */
		8D0A03921C9DAF88003334AA /* Build configuration list for PBXProject "LeftMenu_SliderTabs" */ = {
			isa = XCConfigurationList;
			buildConfigurations = (
				8D0A03BD1C9DAF88003334AA /* Debug */,
				8D0A03BE1C9DAF88003334AA /* Release */,
			);
			defaultConfigurationIsVisible = 0;
			defaultConfigurationName = Release;
		};
		8D0A03BF1C9DAF88003334AA /* Build configuration list for PBXNativeTarget "LeftMenu_SliderTabs" */ = {
			isa = XCConfigurationList;
			buildConfigurations = (
				8D0A03C01C9DAF88003334AA /* Debug */,
				8D0A03C11C9DAF88003334AA /* Release */,
			);
			defaultConfigurationIsVisible = 0;
		};
		8D0A03C21C9DAF88003334AA /* Build configuration list for PBXNativeTarget "LeftMenu_SliderTabsTests" */ = {
			isa = XCConfigurationList;
			buildConfigurations = (
				8D0A03C31C9DAF88003334AA /* Debug */,
				8D0A03C41C9DAF88003334AA /* Release */,
			);
			defaultConfigurationIsVisible = 0;
		};
		8D0A03C51C9DAF88003334AA /* Build configuration list for PBXNativeTarget "LeftMenu_SliderTabsUITests" */ = {
			isa = XCConfigurationList;
			buildConfigurations = (
				8D0A03C61C9DAF88003334AA /* Debug */,
				8D0A03C71C9DAF88003334AA /* Release */,
			);
			defaultConfigurationIsVisible = 0;
		};
/* End XCConfigurationList section */
	};
	rootObject = 8D0A038F1C9DAF88003334AA /* Project object */;
}
